Microsoft Visual Studio Solution File, Format Version 12.00
Project("{bc31b96f-3dd5-4fda-86e7-1d77d34c0973}") = "MsfSalesExtension", "..\packages\MsfSalesExtension\Files\MsfSalesExtension.csproj", "{fbb1bb74-1c7a-4396-9f8e-c62231a2c1d7}"
EndProject
Global
	GlobalSection(SolutionConfigurationPlatforms) = preSolution
		Debug|Any CPU = Debug|Any CPU
		Release|Any CPU = Release|Any CPU
	EndGlobalSection
	GlobalSection(ProjectConfigurationPlatforms) = postSolution
			{fbb1bb74-1c7a-4396-9f8e-c62231a2c1d7}.Debug|Any CPU.ActiveCfg = Debug|Any CPU
			{fbb1bb74-1c7a-4396-9f8e-c62231a2c1d7}.Debug|Any CPU.Build.0 = Debug|Any CPU
			{fbb1bb74-1c7a-4396-9f8e-c62231a2c1d7}.Release|Any CPU.ActiveCfg = Release|Any CPU
			{fbb1bb74-1c7a-4396-9f8e-c62231a2c1d7}.Release|Any CPU.Build.0 = Release|Any CPU
	EndGlobalSection
EndGlobal
